
Microsoft Visual Studio Solution File, Format Version 12.00
# Visual Studio Version 16
VisualStudioVersion = 16.0.36227.6
MinimumVisualStudioVersion = 10.0.40219.1
Project("{FAE04EC0-301F-11D3-BF4B-00C04F79EFBC}") = "WebAPI", "WebAPI\WebAPI.csproj", "{C868BD7E-1555-4BAA-9CDF-E818D67EAC99}"
EndProject
Global
	GlobalSection(SolutionConfigurationPlatforms) = preSolution
		Debug|Any CPU = Debug|Any CPU
		Release|Any CPU = Release|Any CPU
	EndGlobalSection
	GlobalSection(ProjectConfigurationPlatforms) = postSolution
		{C868BD7E-1555-4BAA-9CDF-E818D67EAC99}.Debug|Any CPU.ActiveCfg = Debug|Any CPU
		{C868BD7E-1555-4BAA-9CDF-E818D67EAC99}.Debug|Any CPU.Build.0 = Debug|Any CPU
		{C868BD7E-1555-4BAA-9CDF-E818D67EAC99}.Release|Any CPU.ActiveCfg = Release|Any CPU
		{C868BD7E-1555-4BAA-9CDF-E818D67EAC99}.Release|Any CPU.Build.0 = Release|Any CPU
	EndGlobalSection
	GlobalSection(SolutionProperties) = preSolution
		HideSolutionNode = FALSE
	EndGlobalSection
	GlobalSection(ExtensibilityGlobals) = postSolution
		SolutionGuid = {568A2008-ADF2-40FA-A13A-288CD4065FC1}
	EndGlobalSection
EndGlobal
